// !$*UTF8*$!
{
	archiveVersion = 1;
	classes = {
	};
	objectVersion = 56;
	objects = {

/* Begin PBXBuildFile section */
		52A1DAC52B04D31C0077BA65 /* AppDelegate.swift in Sources */ = {isa = PBXBuildFile; fileRef = 52A1DAC42B04D31C0077BA65 /* AppDelegate.swift */; };
		52A1DAC72B04D31C0077BA65 /* SceneDelegate.swift in Sources */ = {isa = PBXBuildFile; fileRef = 52A1DAC62B04D31C0077BA65 /* SceneDelegate.swift */; };
		52A1DAC92B04D31C0077BA65 /* MainViewController.swift in Sources */ = {isa = PBXBuildFile; fileRef = 52A1DAC82B04D31C0077BA65 /* MainViewController.swift */; };
		52A1DACE2B04D31F0077BA65 /* Assets.xcassets in Resources */ = {isa = PBXBuildFile; fileRef = 52A1DACD2B04D31F0077BA65 /* Assets.xcassets */; };
		52A1DAD12B04D31F0077BA65 /* LaunchScreen.storyboard in Resources */ = {isa = PBXBuildFile; fileRef = 52A1DACF2B04D31F0077BA65 /* LaunchScreen.storyboard */; };
		52A1DAD92B04F52F0077BA65 /* MainViewModel.swift in Sources */ = {isa = PBXBuildFile; fileRef = 52A1DAD82B04F52F0077BA65 /* MainViewModel.swift */; };
		52A1DAE12B04FD750077BA65 /* UserRepository.swift in Sources */ = {isa = PBXBuildFile; fileRef = 52A1DAE02B04FD750077BA65 /* UserRepository.swift */; };
		52A1DAE32B04FFB40077BA65 /* DataSource.swift in Sources */ = {isa = PBXBuildFile; fileRef = 52A1DAE22B04FFB40077BA65 /* DataSource.swift */; };
		52A1DAE52B0501D40077BA65 /* UserRepositoryImp.swift in Sources */ = {isa = PBXBuildFile; fileRef = 52A1DAE42B0501D40077BA65 /* UserRepositoryImp.swift */; };
/* End PBXBuildFile section */

/* Begin PBXFileReference section */
		52A1DAC12B04D31C0077BA65 /* CaseProject.app */ = {isa = PBXFileReference; explicitFileType = wrapper.application; includeInIndex = 0; path = CaseProject.app; sourceTree = BUILT_PRODUCTS_DIR; };
		52A1DAC42B04D31C0077BA65 /* AppDelegate.swift */ = {isa = PBXFileReference; lastKnownFileType = sourcecode.swift; path = AppDelegate.swift; sourceTree = "<group>"; };
		52A1DAC62B04D31C0077BA65 /* SceneDelegate.swift */ = {isa = PBXFileReference; lastKnownFileType = sourcecode.swift; path = SceneDelegate.swift; sourceTree = "<group>"; };
		52A1DAC82B04D31C0077BA65 /* MainViewController.swift */ = {isa = PBXFileReference; lastKnownFileType = sourcecode.swift; path = MainViewController.swift; sourceTree = "<group>"; };
		52A1DACD2B04D31F0077BA65 /* Assets.xcassets */ = {isa = PBXFileReference; lastKnownFileType = folder.assetcatalog; path = Assets.xcassets; sourceTree = "<group>"; };
		52A1DAD02B04D31F0077BA65 /* Base */ = {isa = PBXFileReference; lastKnownFileType = file.storyboard; name = Base; path = Base.lproj/LaunchScreen.storyboard; sourceTree = "<group>"; };
		52A1DAD22B04D31F0077BA65 /* Info.plist */ = {isa = PBXFileReference; lastKnownFileType = text.plist.xml; path = Info.plist; sourceTree = "<group>"; };
		52A1DAD82B04F52F0077BA65 /* MainViewModel.swift */ = {isa = PBXFileReference; lastKnownFileType = sourcecode.swift; path = MainViewModel.swift; sourceTree = "<group>"; };
		52A1DAE02B04FD750077BA65 /* UserRepository.swift */ = {isa = PBXFileReference; lastKnownFileType = sourcecode.swift; path = UserRepository.swift; sourceTree = "<group>"; };
		52A1DAE22B04FFB40077BA65 /* DataSource.swift */ = {isa = PBXFileReference; fileEncoding = 4; lastKnownFileType = sourcecode.swift; path = DataSource.swift; sourceTree = "<group>"; };
		52A1DAE42B0501D40077BA65 /* UserRepositoryImp.swift */ = {isa = PBXFileReference; lastKnownFileType = sourcecode.swift; path = UserRepositoryImp.swift; sourceTree = "<group>"; };
/* End PBXFileReference section */

/* Begin PBXFrameworksBuildPhase section */
		52A1DABE2B04D31C0077BA65 /* Frameworks */ = {
			isa = PBXFrameworksBuildPhase;
			buildActionMask = 2147483647;
			files = (
			);
			runOnlyForDeploymentPostprocessing = 0;
		};
/* End PBXFrameworksBuildPhase section */

/* Begin PBXGroup section */
		52A1DAB82B04D31C0077BA65 = {
			isa = PBXGroup;
			children = (
				52A1DAC32B04D31C0077BA65 /* CaseProject */,
				52A1DAC22B04D31C0077BA65 /* Products */,
			);
			sourceTree = "<group>";
		};
		52A1DAC22B04D31C0077BA65 /* Products */ = {
			isa = PBXGroup;
			children = (
				52A1DAC12B04D31C0077BA65 /* CaseProject.app */,
			);
			name = Products;
			sourceTree = "<group>";
		};
		52A1DAC32B04D31C0077BA65 /* CaseProject */ = {
			isa = PBXGroup;
			children = (
				52A1DAE62B0502110077BA65 /* Core */,
				52A1DADE2B04FD340077BA65 /* Data */,
				52A1DADD2B04FD290077BA65 /* Presentation */,
				52A1DADC2B04FD230077BA65 /* Domain */,
			);
			path = CaseProject;
			sourceTree = "<group>";
		};
		52A1DADC2B04FD230077BA65 /* Domain */ = {
			isa = PBXGroup;
			children = (
				52A1DAE02B04FD750077BA65 /* UserRepository.swift */,
			);
			path = Domain;
			sourceTree = "<group>";
		};
		52A1DADD2B04FD290077BA65 /* Presentation */ = {
			isa = PBXGroup;
			children = (
				52A1DACD2B04D31F0077BA65 /* Assets.xcassets */,
				52A1DACF2B04D31F0077BA65 /* LaunchScreen.storyboard */,
				52A1DADF2B04FD3C0077BA65 /* Main */,
			);
			path = Presentation;
			sourceTree = "<group>";
		};
		52A1DADE2B04FD340077BA65 /* Data */ = {
			isa = PBXGroup;
			children = (
				52A1DAE22B04FFB40077BA65 /* DataSource.swift */,
				52A1DAE42B0501D40077BA65 /* UserRepositoryImp.swift */,
			);
			path = Data;
			sourceTree = "<group>";
		};
		52A1DADF2B04FD3C0077BA65 /* Main */ = {
			isa = PBXGroup;
			children = (
				52A1DAC82B04D31C0077BA65 /* MainViewController.swift */,
				52A1DAD82B04F52F0077BA65 /* MainViewModel.swift */,
			);
			path = Main;
			sourceTree = "<group>";
		};
		52A1DAE62B0502110077BA65 /* Core */ = {
			isa = PBXGroup;
			children = (
				52A1DAD22B04D31F0077BA65 /* Info.plist */,
				52A1DAC62B04D31C0077BA65 /* SceneDelegate.swift */,
				52A1DAC42B04D31C0077BA65 /* AppDelegate.swift */,
			);
			path = Core;
			sourceTree = "<group>";
		};
/* End PBXGroup section */

/* Begin PBXNativeTarget section */
		52A1DAC02B04D31C0077BA65 /* CaseProject */ = {
			isa = PBXNativeTarget;
			buildConfigurationList = 52A1DAD52B04D31F0077BA65 /* Build configuration list for PBXNativeTarget "CaseProject" */;
			buildPhases = (
				52A1DABD2B04D31C0077BA65 /* Sources */,
				52A1DABE2B04D31C0077BA65 /* Frameworks */,
				52A1DABF2B04D31C0077BA65 /* Resources */,
			);
			buildRules = (
			);
			dependencies = (
			);
			name = CaseProject;
			productName = CaseProject;
			productReference = 52A1DAC12B04D31C0077BA65 /* CaseProject.app */;
			productType = "com.apple.product-type.application";
		};
/* End PBXNativeTarget section */

/* Begin PBXProject section */
		52A1DAB92B04D31C0077BA65 /* Project object */ = {
			isa = PBXProject;
			attributes = {
				BuildIndependentTargetsInParallel = 1;
				LastSwiftUpdateCheck = 1500;
				LastUpgradeCheck = 1500;
				TargetAttributes = {
					52A1DAC02B04D31C0077BA65 = {
						CreatedOnToolsVersion = 15.0.1;
					};
				};
			};
			buildConfigurationList = 52A1DABC2B04D31C0077BA65 /* Build configuration list for PBXProject "CaseProject" */;
			compatibilityVersion = "Xcode 14.0";
			developmentRegion = en;
			hasScannedForEncodings = 0;
			knownRegions = (
				en,
				Base,
			);
			mainGroup = 52A1DAB82B04D31C0077BA65;
			productRefGroup = 52A1DAC22B04D31C0077BA65 /* Products */;
			projectDirPath = "";
			projectRoot = "";
			targets = (
				52A1DAC02B04D31C0077BA65 /* CaseProject */,
			);
		};
/* End PBXProject section */

/* Begin PBXResourcesBuildPhase section */
		52A1DABF2B04D31C0077BA65 /* Resources */ = {
			isa = PBXResourcesBuildPhase;
			buildActionMask = 2147483647;
			files = (
				52A1DAD12B04D31F0077BA65 /* LaunchScreen.storyboard in Resources */,
				52A1DACE2B04D31F0077BA65 /* Assets.xcassets in Resources */,
			);
			runOnlyForDeploymentPostprocessing = 0;
		};
/* End PBXResourcesBuildPhase section */

/* Begin PBXSourcesBuildPhase section */
		52A1DABD2B04D31C0077BA65 /* Sources */ = {
			isa = PBXSourcesBuildPhase;
			buildActionMask = 2147483647;
			files = (
				52A1DAE32B04FFB40077BA65 /* DataSource.swift in Sources */,
				52A1DAC92B04D31C0077BA65 /* MainViewController.swift in Sources */,
				52A1DAC52B04D31C0077BA65 /* AppDelegate.swift in Sources */,
				52A1DAC72B04D31C0077BA65 /* SceneDelegate.swift in Sources */,
				52A1DAE52B0501D40077BA65 /* UserRepositoryImp.swift in Sources */,
				52A1DAE12B04FD750077BA65 /* UserRepository.swift in Sources */,
				52A1DAD92B04F52F0077BA65 /* MainViewModel.swift in Sources */,
			);
			runOnlyForDeploymentPostprocessing = 0;
		};
/* End PBXSourcesBuildPhase section */

/* Begin PBXVariantGroup section */
		52A1DACF2B04D31F0077BA65 /* LaunchScreen.storyboard */ = {
			isa = PBXVariantGroup;
			children = (
				52A1DAD02B04D31F0077BA65 /* Base */,
			);
			name = LaunchScreen.storyboard;
			sourceTree = "<group>";
		};
/* End PBXVariantGroup section */

/* Begin XCBuildConfiguration section */
		52A1DAD32B04D31F0077BA65 /* Debug */ = {
			isa = XCBuildConfiguration;
			buildSettings = {
				ALWAYS_SEARCH_USER_PATHS = NO;
				ASSETCATALOG_COMPILER_GENERATE_SWIFT_ASSET_SYMBOL_EXTENSIONS = YES;
				CLANG_ANALYZER_NONNULL = YES;
				CLANG_ANALYZER_NUMBER_OBJECT_CONVERSION = YES_AGGRESSIVE;
				CLANG_CXX_LANGUAGE_STANDARD = "gnu++20";
				CLANG_ENABLE_MODULES = YES;
				CLANG_ENABLE_OBJC_ARC = YES;
				CLANG_ENABLE_OBJC_WEAK = YES;
				CLANG_WARN_BLOCK_CAPTURE_AUTORELEASING = YES;
				CLANG_WARN_BOOL_CONVERSION = YES;
				CLANG_WARN_COMMA = YES;
				CLANG_WARN_CONSTANT_CONVERSION = YES;
				CLANG_WARN_DEPRECATED_OBJC_IMPLEMENTATIONS = YES;
				CLANG_WARN_DIRECT_OBJC_ISA_USAGE = YES_ERROR;
				CLANG_WARN_DOCUMENTATION_COMMENTS = YES;
				CLANG_WARN_EMPTY_BODY = YES;
				CLANG_WARN_ENUM_CONVERSION = YES;
				CLANG_WARN_INFINITE_RECURSION = YES;
				CLANG_WARN_INT_CONVERSION = YES;
				CLANG_WARN_NON_LITERAL_NULL_CONVERSION = YES;
				CLANG_WARN_OBJC_IMPLICIT_RETAIN_SELF = YES;
				CLANG_WARN_OBJC_LITERAL_CONVERSION = YES;
				CLANG_WARN_OBJC_ROOT_CLASS = YES_ERROR;
				CLANG_WARN_QUOTED_INCLUDE_IN_FRAMEWORK_HEADER = YES;
				CLANG_WARN_RANGE_LOOP_ANALYSIS = YES;
				CLANG_WARN_STRICT_PROTOTYPES = YES;
				CLANG_WARN_SUSPICIOUS_MOVE = YES;
				CLANG_WARN_UNGUARDED_AVAILABILITY = YES_AGGRESSIVE;
				CLANG_WARN_UNREACHABLE_CODE = YES;
				CLANG_WARN__DUPLICATE_METHOD_MATCH = YES;
				COPY_PHASE_STRIP = NO;
				DEBUG_INFORMATION_FORMAT = dwarf;
				ENABLE_STRICT_OBJC_MSGSEND = YES;
				ENABLE_TESTABILITY = YES;
				ENABLE_USER_SCRIPT_SANDBOXING = YES;
				GCC_C_LANGUAGE_STANDARD = gnu17;
				GCC_DYNAMIC_NO_PIC = NO;
				GCC_NO_COMMON_BLOCKS = YES;
				GCC_OPTIMIZATION_LEVEL = 0;
				GCC_PREPROCESSOR_DEFINITIONS = (
					"DEBUG=1",
					"$(inherited)",
				);
				GCC_WARN_64_TO_32_BIT_CONVERSION = YES;
				GCC_WARN_ABOUT_RETURN_TYPE = YES_ERROR;
				GCC_WARN_UNDECLARED_SELECTOR = YES;
				GCC_WARN_UNINITIALIZED_AUTOS = YES_AGGRESSIVE;
				GCC_WARN_UNUSED_FUNCTION = YES;
				GCC_WARN_UNUSED_VARIABLE = YES;
				IPHONEOS_DEPLOYMENT_TARGET = 17.0;
				LOCALIZATION_PREFERS_STRING_CATALOGS = YES;
				MTL_ENABLE_DEBUG_INFO = INCLUDE_SOURCE;
				MTL_FAST_MATH = YES;
				ONLY_ACTIVE_ARCH = YES;
				SDKROOT = iphoneos;
				SWIFT_ACTIVE_COMPILATION_CONDITIONS = "DEBUG $(inherited)";
				SWIFT_OPTIMIZATION_LEVEL = "-Onone";
			};
			name = Debug;
		};
		52A1DAD42B04D31F0077BA65 /* Release */ = {
			isa = XCBuildConfiguration;
			buildSettings = {
				ALWAYS_SEARCH_USER_PATHS = NO;
				ASSETCATALOG_COMPILER_GENERATE_SWIFT_ASSET_SYMBOL_EXTENSIONS = YES;
				CLANG_ANALYZER_NONNULL = YES;
				CLANG_ANALYZER_NUMBER_OBJECT_CONVERSION = YES_AGGRESSIVE;
				CLANG_CXX_LANGUAGE_STANDARD = "gnu++20";
				CLANG_ENABLE_MODULES = YES;
				CLANG_ENABLE_OBJC_ARC = YES;
				CLANG_ENABLE_OBJC_WEAK = YES;
				CLANG_WARN_BLOCK_CAPTURE_AUTORELEASING = YES;
				CLANG_WARN_BOOL_CONVERSION = YES;
				CLANG_WARN_COMMA = YES;
				CLANG_WARN_CONSTANT_CONVERSION = YES;
				CLANG_WARN_DEPRECATED_OBJC_IMPLEMENTATIONS = YES;
				CLANG_WARN_DIRECT_OBJC_ISA_USAGE = YES_ERROR;
				CLANG_WARN_DOCUMENTATION_COMMENTS = YES;
				CLANG_WARN_EMPTY_BODY = YES;
				CLANG_WARN_ENUM_CONVERSION = YES;
				CLANG_WARN_INFINITE_RECURSION = YES;
				CLANG_WARN_INT_CONVERSION = YES;
				CLANG_WARN_NON_LITERAL_NULL_CONVERSION = YES;
				CLANG_WARN_OBJC_IMPLICIT_RETAIN_SELF = YES;
				CLANG_WARN_OBJC_LITERAL_CONVERSION = YES;
				CLANG_WARN_OBJC_ROOT_CLASS = YES_ERROR;
				CLANG_WARN_QUOTED_INCLUDE_IN_FRAMEWORK_HEADER = YES;
				CLANG_WARN_RANGE_LOOP_ANALYSIS = YES;
				CLANG_WARN_STRICT_PROTOTYPES = YES;
				CLANG_WARN_SUSPICIOUS_MOVE = YES;
				CLANG_WARN_UNGUARDED_AVAILABILITY = YES_AGGRESSIVE;
				CLANG_WARN_UNREACHABLE_CODE = YES;
				CLANG_WARN__DUPLICATE_METHOD_MATCH = YES;
				COPY_PHASE_STRIP = NO;
				DEBUG_INFORMATION_FORMAT = "dwarf-with-dsym";
				ENABLE_NS_ASSERTIONS = NO;
				ENABLE_STRICT_OBJC_MSGSEND = YES;
				ENABLE_USER_SCRIPT_SANDBOXING = YES;
				GCC_C_LANGUAGE_STANDARD = gnu17;
				GCC_NO_COMMON_BLOCKS = YES;
				GCC_WARN_64_TO_32_BIT_CONVERSION = YES;
				GCC_WARN_ABOUT_RETURN_TYPE = YES_ERROR;
				GCC_WARN_UNDECLARED_SELECTOR = YES;
				GCC_WARN_UNINITIALIZED_AUTOS = YES_AGGRESSIVE;
				GCC_WARN_UNUSED_FUNCTION = YES;
				GCC_WARN_UNUSED_VARIABLE = YES;
				IPHONEOS_DEPLOYMENT_TARGET = 17.0;
				LOCALIZATION_PREFERS_STRING_CATALOGS = YES;
				MTL_ENABLE_DEBUG_INFO = NO;
				MTL_FAST_MATH = YES;
				SDKROOT = iphoneos;
				SWIFT_COMPILATION_MODE = wholemodule;
				VALIDATE_PRODUCT = YES;
			};
			name = Release;
		};
		52A1DAD62B04D31F0077BA65 /* Debug */ = {
			isa = XCBuildConfiguration;
			buildSettings = {
				ASSETCATALOG_COMPILER_APPICON_NAME = AppIcon;
				ASSETCATALOG_COMPILER_GLOBAL_ACCENT_COLOR_NAME = AccentColor;
				CODE_SIGN_STYLE = Automatic;
				CURRENT_PROJECT_VERSION = 1;
				DEVELOPMENT_TEAM = TU72QMAMTH;
				GENERATE_INFOPLIST_FILE = YES;
				INFOPLIST_FILE = CaseProject/Core/Info.plist;
				INFOPLIST_KEY_UIApplicationSupportsIndirectInputEvents = YES;
				INFOPLIST_KEY_UILaunchStoryboardName = LaunchScreen;
				INFOPLIST_KEY_UISupportedInterfaceOrientations = UIInterfaceOrientationPortrait;
				INFOPLIST_KEY_UISupportedInterfaceOrientations_iPad = "UIInterfaceOrientationLandscapeLeft UIInterfaceOrientationLandscapeRight UIInterfaceOrientationPortrait UIInterfaceOrientationPortraitUpsideDown";
				IPHONEOS_DEPLOYMENT_TARGET = 16.0;
				LD_RUNPATH_SEARCH_PATHS = (
					"$(inherited)",
					"@executable_path/Frameworks",
				);
				MARKETING_VERSION = 1.0;
				PRODUCT_BUNDLE_IDENTIFIER = com.oguzhanozturk.CaseProject;
				PRODUCT_NAME = "$(TARGET_NAME)";
				SUPPORTED_PLATFORMS = "iphoneos iphonesimulator";
				SUPPORTS_MACCATALYST = NO;
				SUPPORTS_MAC_DESIGNED_FOR_IPHONE_IPAD = NO;
				SWIFT_EMIT_LOC_STRINGS = YES;
				SWIFT_VERSION = 5.0;
				TARGETED_DEVICE_FAMILY = 1;
			};
			name = Debug;
		};
		52A1DAD72B04D31F0077BA65 /* Release */ = {
			isa = XCBuildConfiguration;
			buildSettings = {
				ASSETCATALOG_COMPILER_APPICON_NAME = AppIcon;
				ASSETCATALOG_COMPILER_GLOBAL_ACCENT_COLOR_NAME = AccentColor;
				CODE_SIGN_STYLE = Automatic;
				CURRENT_PROJECT_VERSION = 1;
				DEVELOPMENT_TEAM = TU72QMAMTH;
				GENERATE_INFOPLIST_FILE = YES;
				INFOPLIST_FILE = CaseProject/Core/Info.plist;
				INFOPLIST_KEY_UIApplicationSupportsIndirectInputEvents = YES;
				INFOPLIST_KEY_UILaunchStoryboardName = LaunchScreen;
				INFOPLIST_KEY_UISupportedInterfaceOrientations = UIInterfaceOrientationPortrait;
				INFOPLIST_KEY_UISupportedInterfaceOrientations_iPad = "UIInterfaceOrientationLandscapeLeft UIInterfaceOrientationLandscapeRight UIInterfaceOrientationPortrait UIInterfaceOrientationPortraitUpsideDown";
				IPHONEOS_DEPLOYMENT_TARGET = 16.0;
				LD_RUNPATH_SEARCH_PATHS = (
					"$(inherited)",
					"@executable_path/Frameworks",
				);
				MARKETING_VERSION = 1.0;
				PRODUCT_BUNDLE_IDENTIFIER = com.oguzhanozturk.CaseProject;
				PRODUCT_NAME = "$(TARGET_NAME)";
				SUPPORTED_PLATFORMS = "iphoneos iphonesimulator";
				SUPPORTS_MACCATALYST = NO;
				SUPPORTS_MAC_DESIGNED_FOR_IPHONE_IPAD = NO;
				SWIFT_EMIT_LOC_STRINGS = YES;
				SWIFT_VERSION = 5.0;
				TARGETED_DEVICE_FAMILY = 1;
			};
			name = Release;
		};
/* End XCBuildConfiguration section */

/* Begin XCConfigurationList section */
		52A1DABC2B04D31C0077BA65 /* Build configuration list for PBXProject "CaseProject" */ = {
			isa = XCConfigurationList;
			buildConfigurations = (
				52A1DAD32B04D31F0077BA65 /* Debug */,
				52A1DAD42B04D31F0077BA65 /* Release */,
			);
			defaultConfigurationIsVisible = 0;
			defaultConfigurationName = Release;
		};
		52A1DAD52B04D31F0077BA65 /* Build configuration list for PBXNativeTarget "CaseProject" */ = {
			isa = XCConfigurationList;
			buildConfigurations = (
				52A1DAD62B04D31F0077BA65 /* Debug */,
				52A1DAD72B04D31F0077BA65 /* Release */,
			);
			defaultConfigurationIsVisible = 0;
			defaultConfigurationName = Release;
		};
/* End XCConfigurationList section */
	};
	rootObject = 52A1DAB92B04D31C0077BA65 /* Project object */;
}
